
Microsoft Visual Studio Solution File, Format Version 12.00
# Visual Studio 14
VisualStudioVersion = 14.0.23107.0
MinimumVisualStudioVersion = 10.0.40219.1
Project("{FAE04EC0-301F-11D3-BF4B-00C04F79EFBC}") = "HyperQueryNH.Core", "Projects\HyperQueryNH.Core\HyperQueryNH.Core.csproj", "{677692A8-D212-413A-A636-89C0CB30FE34}"
EndProject
Project("{FAE04EC0-301F-11D3-BF4B-00C04F79EFBC}") = "HyperQueryNH.Repositories", "Projects\HyperQueryNH.Repositories\HyperQueryNH.Repositories.csproj", "{3C47A30F-1E8D-4830-9DEB-D6AAB853D3B3}"
EndProject
Project("{FAE04EC0-301F-11D3-BF4B-00C04F79EFBC}") = "HyperQueryNH.Tests.Desktop", "Projects\HyperQueryNH.Tests.Desktop\HyperQueryNH.Tests.Desktop.csproj", "{9E29E578-0587-4A97-A7C9-1A9540204547}"
EndProject
Project("{FAE04EC0-301F-11D3-BF4B-00C04F79EFBC}") = "HyperQueryNH.Tests.Model", "Projects\HyperQueryNH.Tests.Model\HyperQueryNH.Tests.Model.csproj", "{CDE8956B-5885-49E9-A12F-08EE23CD182C}"
EndProject
Project("{FAE04EC0-301F-11D3-BF4B-00C04F79EFBC}") = "HyperQueryNH.Utilities", "Projects\HyperQueryNH.Utilities\HyperQueryNH.Utilities.csproj", "{918786DC-2C5B-471D-A7BD-13EF3A95E665}"
EndProject
Global
	GlobalSection(SolutionConfigurationPlatforms) = preSolution
		Debug|Any CPU = Debug|Any CPU
		IntegrationTests|Any CPU = IntegrationTests|Any CPU
		Release|Any CPU = Release|Any CPU
	EndGlobalSection
	GlobalSection(ProjectConfigurationPlatforms) = postSolution
		{677692A8-D212-413A-A636-89C0CB30FE34}.Debug|Any CPU.ActiveCfg = Debug|Any CPU
		{677692A8-D212-413A-A636-89C0CB30FE34}.Debug|Any CPU.Build.0 = Debug|Any CPU
		{677692A8-D212-413A-A636-89C0CB30FE34}.IntegrationTests|Any CPU.ActiveCfg = Release|Any CPU
		{677692A8-D212-413A-A636-89C0CB30FE34}.IntegrationTests|Any CPU.Build.0 = Release|Any CPU
		{677692A8-D212-413A-A636-89C0CB30FE34}.Release|Any CPU.ActiveCfg = Release|Any CPU
		{677692A8-D212-413A-A636-89C0CB30FE34}.Release|Any CPU.Build.0 = Release|Any CPU
		{3C47A30F-1E8D-4830-9DEB-D6AAB853D3B3}.Debug|Any CPU.ActiveCfg = Debug|Any CPU
		{3C47A30F-1E8D-4830-9DEB-D6AAB853D3B3}.Debug|Any CPU.Build.0 = Debug|Any CPU
		{3C47A30F-1E8D-4830-9DEB-D6AAB853D3B3}.IntegrationTests|Any CPU.ActiveCfg = Release|Any CPU
		{3C47A30F-1E8D-4830-9DEB-D6AAB853D3B3}.IntegrationTests|Any CPU.Build.0 = Release|Any CPU
		{3C47A30F-1E8D-4830-9DEB-D6AAB853D3B3}.Release|Any CPU.ActiveCfg = Release|Any CPU
		{3C47A30F-1E8D-4830-9DEB-D6AAB853D3B3}.Release|Any CPU.Build.0 = Release|Any CPU
		{9E29E578-0587-4A97-A7C9-1A9540204547}.Debug|Any CPU.ActiveCfg = Debug|Any CPU
		{9E29E578-0587-4A97-A7C9-1A9540204547}.Debug|Any CPU.Build.0 = Debug|Any CPU
		{9E29E578-0587-4A97-A7C9-1A9540204547}.IntegrationTests|Any CPU.ActiveCfg = Release|Any CPU
		{9E29E578-0587-4A97-A7C9-1A9540204547}.IntegrationTests|Any CPU.Build.0 = Release|Any CPU
		{9E29E578-0587-4A97-A7C9-1A9540204547}.Release|Any CPU.ActiveCfg = Release|Any CPU
		{9E29E578-0587-4A97-A7C9-1A9540204547}.Release|Any CPU.Build.0 = Release|Any CPU
		{CDE8956B-5885-49E9-A12F-08EE23CD182C}.Debug|Any CPU.ActiveCfg = Debug|Any CPU
		{CDE8956B-5885-49E9-A12F-08EE23CD182C}.Debug|Any CPU.Build.0 = Debug|Any CPU
		{CDE8956B-5885-49E9-A12F-08EE23CD182C}.IntegrationTests|Any CPU.ActiveCfg = Release|Any CPU
		{CDE8956B-5885-49E9-A12F-08EE23CD182C}.IntegrationTests|Any CPU.Build.0 = Release|Any CPU
		{CDE8956B-5885-49E9-A12F-08EE23CD182C}.Release|Any CPU.ActiveCfg = Release|Any CPU
		{CDE8956B-5885-49E9-A12F-08EE23CD182C}.Release|Any CPU.Build.0 = Release|Any CPU
		{918786DC-2C5B-471D-A7BD-13EF3A95E665}.Debug|Any CPU.ActiveCfg = Debug|Any CPU
		{918786DC-2C5B-471D-A7BD-13EF3A95E665}.Debug|Any CPU.Build.0 = Debug|Any CPU
		{918786DC-2C5B-471D-A7BD-13EF3A95E665}.IntegrationTests|Any CPU.ActiveCfg = Release|Any CPU
		{918786DC-2C5B-471D-A7BD-13EF3A95E665}.IntegrationTests|Any CPU.Build.0 = Release|Any CPU
		{918786DC-2C5B-471D-A7BD-13EF3A95E665}.Release|Any CPU.ActiveCfg = Release|Any CPU
		{918786DC-2C5B-471D-A7BD-13EF3A95E665}.Release|Any CPU.Build.0 = Release|Any CPU
	EndGlobalSection
	GlobalSection(SolutionProperties) = preSolution
		HideSolutionNode = FALSE
	EndGlobalSection
EndGlobal
